
Microsoft Visual Studio Solution File, Format Version 12.00
# Visual Studio 15
VisualStudioVersion = 15.0.27703.2026
MinimumVisualStudioVersion = 10.0.40219.1
Project("{FAE04EC0-301F-11D3-BF4B-00C04F79EFBC}") = "Restaurant", "Restaurant\Restaurant.csproj", "{FA8BD5DF-B72D-41E4-80DA-EE0E9BE20DAA}"
EndProject
Global
	GlobalSection(SolutionConfigurationPlatforms) = preSolution
		Debug|Any CPU = Debug|Any CPU
		Release|Any CPU = Release|Any CPU
	EndGlobalSection
	GlobalSection(ProjectConfigurationPlatforms) = postSolution
		{FA8BD5DF-B72D-41E4-80DA-EE0E9BE20DAA}.Debug|Any CPU.ActiveCfg = Debug|Any CPU
		{FA8BD5DF-B72D-41E4-80DA-EE0E9BE20DAA}.Debug|Any CPU.Build.0 = Debug|Any CPU
		{FA8BD5DF-B72D-41E4-80DA-EE0E9BE20DAA}.Release|Any CPU.ActiveCfg = Release|Any CPU
		{FA8BD5DF-B72D-41E4-80DA-EE0E9BE20DAA}.Release|Any CPU.Build.0 = Release|Any CPU
	EndGlobalSection
	GlobalSection(SolutionProperties) = preSolution
		HideSolutionNode = FALSE
	EndGlobalSection
	GlobalSection(ExtensibilityGlobals) = postSolution
		SolutionGuid = {4C12726A-2D93-44CC-A2EE-8800146E811C}
	EndGlobalSection
EndGlobal
