
Microsoft Visual Studio Solution File, Format Version 12.00
# Visual Studio 15
VisualStudioVersion = 15.0.27703.2018
MinimumVisualStudioVersion = 10.0.40219.1
Project("{FAE04EC0-301F-11D3-BF4B-00C04F79EFBC}") = "ChatServer", "ChatServer\ChatServer.csproj", "{3FAB240A-1C5B-4B97-B5CB-5BDE88AF2B62}"
EndProject
Project("{FAE04EC0-301F-11D3-BF4B-00C04F79EFBC}") = "ChatClient", "ChatClient\ChatClient.csproj", "{894C7C96-C06E-4A83-B57E-4FB03312079B}"
EndProject
Global
	GlobalSection(SolutionConfigurationPlatforms) = preSolution
		Debug|Any CPU = Debug|Any CPU
		Release|Any CPU = Release|Any CPU
	EndGlobalSection
	GlobalSection(ProjectConfigurationPlatforms) = postSolution
		{3FAB240A-1C5B-4B97-B5CB-5BDE88AF2B62}.Debug|Any CPU.ActiveCfg = Debug|Any CPU
		{3FAB240A-1C5B-4B97-B5CB-5BDE88AF2B62}.Debug|Any CPU.Build.0 = Debug|Any CPU
		{3FAB240A-1C5B-4B97-B5CB-5BDE88AF2B62}.Release|Any CPU.ActiveCfg = Release|Any CPU
		{3FAB240A-1C5B-4B97-B5CB-5BDE88AF2B62}.Release|Any CPU.Build.0 = Release|Any CPU
		{894C7C96-C06E-4A83-B57E-4FB03312079B}.Debug|Any CPU.ActiveCfg = Debug|Any CPU
		{894C7C96-C06E-4A83-B57E-4FB03312079B}.Debug|Any CPU.Build.0 = Debug|Any CPU
		{894C7C96-C06E-4A83-B57E-4FB03312079B}.Release|Any CPU.ActiveCfg = Release|Any CPU
		{894C7C96-C06E-4A83-B57E-4FB03312079B}.Release|Any CPU.Build.0 = Release|Any CPU
	EndGlobalSection
	GlobalSection(SolutionProperties) = preSolution
		HideSolutionNode = FALSE
	EndGlobalSection
	GlobalSection(ExtensibilityGlobals) = postSolution
		SolutionGuid = {282FBF13-963C-4041-9984-1F356B041DFC}
	EndGlobalSection
EndGlobal
